
Microsoft Visual Studio Solution File, Format Version 12.00
# Visual Studio Version 17
VisualStudioVersion = 17.0.32126.317
MinimumVisualStudioVersion = 10.0.40219.1
Project("{9A19103F-16F7-4668-BE54-9A1E7A4F7556}") = "LeaveManagement.Web", "LeaveManagement.Web\LeaveManagement.Web.csproj", "{5714604B-E19A-49F4-95B0-898C63DE67DC}"
EndProject
Project("{FAE04EC0-301F-11D3-BF4B-00C04F79EFBC}") = "LeaveManagement.Data", "LeaveManagement.Data\LeaveManagement.Data.csproj", "{30A73CB5-5602-447B-8C3A-CA17317A96EB}"
EndProject
Project("{FAE04EC0-301F-11D3-BF4B-00C04F79EFBC}") = "LeaveManagement.Common", "LeaveManagement.Common\LeaveManagement.Common.csproj", "{849C64A6-CF60-49EA-B6C4-9A284318CDF3}"
EndProject
Project("{FAE04EC0-301F-11D3-BF4B-00C04F79EFBC}") = "LeaveManagement.Application", "LeaveManagement.Application\LeaveManagement.Application.csproj", "{EFA0D044-1393-4D13-90B7-792538513935}"
EndProject
Global
	GlobalSection(SolutionConfigurationPlatforms) = preSolution
		Debug|Any CPU = Debug|Any CPU
		Release|Any CPU = Release|Any CPU
	EndGlobalSection
	GlobalSection(ProjectConfigurationPlatforms) = postSolution
		{5714604B-E19A-49F4-95B0-898C63DE67DC}.Debug|Any CPU.ActiveCfg = Debug|Any CPU
		{5714604B-E19A-49F4-95B0-898C63DE67DC}.Debug|Any CPU.Build.0 = Debug|Any CPU
		{5714604B-E19A-49F4-95B0-898C63DE67DC}.Release|Any CPU.ActiveCfg = Release|Any CPU
		{5714604B-E19A-49F4-95B0-898C63DE67DC}.Release|Any CPU.Build.0 = Release|Any CPU
		{30A73CB5-5602-447B-8C3A-CA17317A96EB}.Debug|Any CPU.ActiveCfg = Debug|Any CPU
		{30A73CB5-5602-447B-8C3A-CA17317A96EB}.Debug|Any CPU.Build.0 = Debug|Any CPU
		{30A73CB5-5602-447B-8C3A-CA17317A96EB}.Release|Any CPU.ActiveCfg = Release|Any CPU
		{30A73CB5-5602-447B-8C3A-CA17317A96EB}.Release|Any CPU.Build.0 = Release|Any CPU
		{849C64A6-CF60-49EA-B6C4-9A284318CDF3}.Debug|Any CPU.ActiveCfg = Debug|Any CPU
		{849C64A6-CF60-49EA-B6C4-9A284318CDF3}.Debug|Any CPU.Build.0 = Debug|Any CPU
		{849C64A6-CF60-49EA-B6C4-9A284318CDF3}.Release|Any CPU.ActiveCfg = Release|Any CPU
		{849C64A6-CF60-49EA-B6C4-9A284318CDF3}.Release|Any CPU.Build.0 = Release|Any CPU
		{EFA0D044-1393-4D13-90B7-792538513935}.Debug|Any CPU.ActiveCfg = Debug|Any CPU
		{EFA0D044-1393-4D13-90B7-792538513935}.Debug|Any CPU.Build.0 = Debug|Any CPU
		{EFA0D044-1393-4D13-90B7-792538513935}.Release|Any CPU.ActiveCfg = Release|Any CPU
		{EFA0D044-1393-4D13-90B7-792538513935}.Release|Any CPU.Build.0 = Release|Any CPU
	EndGlobalSection
	GlobalSection(SolutionProperties) = preSolution
		HideSolutionNode = FALSE
	EndGlobalSection
	GlobalSection(ExtensibilityGlobals) = postSolution
		SolutionGuid = {629E32D5-9925-4157-8B91-60FA11772F27}
	EndGlobalSection
EndGlobal
